
Microsoft Visual Studio Solution File, Format Version 12.00
# Visual Studio Version 17
VisualStudioVersion = 17.5.33516.290
MinimumVisualStudioVersion = 10.0.40219.1
Project("{2150E333-8FDC-42A3-9474-1A3956D46DE8}") = "03 - Tests", "03 - Tests", "{B6FF9E08-3E40-4EC1-9D54-21A4123B239A}"
EndProject
Project("{2150E333-8FDC-42A3-9474-1A3956D46DE8}") = "01 - Presentation", "01 - Presentation", "{5BD57E2E-7793-4EC0-BD38-EAF4D3BF78EC}"
EndProject
Project("{2150E333-8FDC-42A3-9474-1A3956D46DE8}") = "02 - Domain", "02 - Domain", "{CED33DFC-7791-488A-829F-70DA6533BDA8}"
EndProject
Project("{FAE04EC0-301F-11D3-BF4B-00C04F79EFBC}") = "Posterr.Domain", "Posterr.Domain\Posterr.Domain.csproj", "{48B40835-FC7C-4FA2-9F4F-717D69718D28}"
EndProject
Global
	GlobalSection(SolutionConfigurationPlatforms) = preSolution
		Debug|Any CPU = Debug|Any CPU
		Release|Any CPU = Release|Any CPU
	EndGlobalSection
	GlobalSection(ProjectConfigurationPlatforms) = postSolution
		{48B40835-FC7C-4FA2-9F4F-717D69718D28}.Debug|Any CPU.ActiveCfg = Debug|Any CPU
		{48B40835-FC7C-4FA2-9F4F-717D69718D28}.Debug|Any CPU.Build.0 = Debug|Any CPU
		{48B40835-FC7C-4FA2-9F4F-717D69718D28}.Release|Any CPU.ActiveCfg = Release|Any CPU
		{48B40835-FC7C-4FA2-9F4F-717D69718D28}.Release|Any CPU.Build.0 = Release|Any CPU
	EndGlobalSection
	GlobalSection(SolutionProperties) = preSolution
		HideSolutionNode = FALSE
	EndGlobalSection
	GlobalSection(NestedProjects) = preSolution
		{48B40835-FC7C-4FA2-9F4F-717D69718D28} = {CED33DFC-7791-488A-829F-70DA6533BDA8}
	EndGlobalSection
	GlobalSection(ExtensibilityGlobals) = postSolution
		SolutionGuid = {FB378243-4847-4FCE-A6EF-22E14DAFBD95}
	EndGlobalSection
EndGlobal
